
Microsoft Visual Studio Solution File, Format Version 12.00
# Visual Studio 15
Project("{FAE04EC0-301F-11D3-BF4B-00C04F79EFBC}") = "Unity.Timeline", "Unity.Timeline.csproj", "{0F5B5CD6-9614-1BC4-2720-22C45B7B418C}"
EndProject
Project("{FAE04EC0-301F-11D3-BF4B-00C04F79EFBC}") = "Unity.Timeline.Editor", "Unity.Timeline.Editor.csproj", "{DBFEF64A-CF2D-7BE3-AC41-D25B397BF139}"
EndProject
Project("{FAE04EC0-301F-11D3-BF4B-00C04F79EFBC}") = "Unity.TextMeshPro.Editor", "Unity.TextMeshPro.Editor.csproj", "{161579FA-4AED-D6A2-A9E0-1D86F71C0225}"
EndProject
Project("{FAE04EC0-301F-11D3-BF4B-00C04F79EFBC}") = "Unity.VisualScripting.Flow", "Unity.VisualScripting.Flow.csproj", "{C24FFDB0-8DB6-3403-B0C9-A5EB11DA82CF}"
EndProject
Project("{FAE04EC0-301F-11D3-BF4B-00C04F79EFBC}") = "UnityEditor.UI", "UnityEditor.UI.csproj", "{2B94EB76-90FE-5268-D235-96C788E750CD}"
EndProject
Project("{FAE04EC0-301F-11D3-BF4B-00C04F79EFBC}") = "Unity.PlasticSCM.Editor", "Unity.PlasticSCM.Editor.csproj", "{3949B506-C260-2B2A-EC79-46B1D63FFAA6}"
EndProject
Project("{FAE04EC0-301F-11D3-BF4B-00C04F79EFBC}") = "Unity.VisualScripting.Core", "Unity.VisualScripting.Core.csproj", "{D409CCD4-305A-657E-173C-458F30B460D7}"
EndProject
Project("{FAE04EC0-301F-11D3-BF4B-00C04F79EFBC}") = "Unity.VisualScripting.Core.Editor", "Unity.VisualScripting.Core.Editor.csproj", "{0E5E7A6C-D1BB-B38E-3748-8F15E15B7B0B}"
EndProject
Project("{FAE04EC0-301F-11D3-BF4B-00C04F79EFBC}") = "Unity.VisualScripting.Flow.Editor", "Unity.VisualScripting.Flow.Editor.csproj", "{298C20DE-1D9A-F2B8-AA9D-7F86D80A21AE}"
EndProject
Project("{FAE04EC0-301F-11D3-BF4B-00C04F79EFBC}") = "UnityEditor.TestRunner", "UnityEditor.TestRunner.csproj", "{9EA15916-C327-45AD-3955-E4E919B4BE07}"
EndProject
Project("{FAE04EC0-301F-11D3-BF4B-00C04F79EFBC}") = "Unity.VisualScripting.SettingsProvider.Editor", "Unity.VisualScripting.SettingsProvider.Editor.csproj", "{81E2DACD-2D2D-200A-BEB3-3C7362CF92D9}"
EndProject
Project("{FAE04EC0-301F-11D3-BF4B-00C04F79EFBC}") = "UnityEngine.TestRunner", "UnityEngine.TestRunner.csproj", "{F7CC100E-69BE-1AD5-CD2C-D8F25F6EF68A}"
EndProject
Project("{FAE04EC0-301F-11D3-BF4B-00C04F79EFBC}") = "UnityEngine.UI", "UnityEngine.UI.csproj", "{E53E425E-16EA-BE6E-B39B-C3B121C407CA}"
EndProject
Project("{FAE04EC0-301F-11D3-BF4B-00C04F79EFBC}") = "Unity.VisualStudio.Editor", "Unity.VisualStudio.Editor.csproj", "{E81095D4-A055-55FF-E7FC-7CB44EDAB822}"
EndProject
Project("{FAE04EC0-301F-11D3-BF4B-00C04F79EFBC}") = "Assembly-CSharp", "Assembly-CSharp.csproj", "{477800F3-A468-B5E3-B06B-3FD3A2A0C21E}"
EndProject
Project("{FAE04EC0-301F-11D3-BF4B-00C04F79EFBC}") = "Unity.TestTools.CodeCoverage.Editor.OpenCover.Model", "Unity.TestTools.CodeCoverage.Editor.OpenCover.Model.csproj", "{172B0A49-CA54-4D05-1AC1-C36A42D8BB79}"
EndProject
Project("{FAE04EC0-301F-11D3-BF4B-00C04F79EFBC}") = "Unity.Rider.Editor", "Unity.Rider.Editor.csproj", "{E2A836B3-3990-5B39-2929-89DC1A78E9FB}"
EndProject
Project("{FAE04EC0-301F-11D3-BF4B-00C04F79EFBC}") = "Unity.VisualScripting.State.Editor", "Unity.VisualScripting.State.Editor.csproj", "{C40C2CD7-572E-8419-6EE8-11E7552163D7}"
EndProject
Project("{FAE04EC0-301F-11D3-BF4B-00C04F79EFBC}") = "Unity.TestTools.CodeCoverage.Editor", "Unity.TestTools.CodeCoverage.Editor.csproj", "{F39CA425-FDBB-83A8-4415-0D84815008D3}"
EndProject
Project("{FAE04EC0-301F-11D3-BF4B-00C04F79EFBC}") = "Unity.VisualScripting.State", "Unity.VisualScripting.State.csproj", "{C75CE8DC-3CE1-58B1-46A8-E956CEBBE19C}"
EndProject
Project("{FAE04EC0-301F-11D3-BF4B-00C04F79EFBC}") = "Unity.TextMeshPro", "Unity.TextMeshPro.csproj", "{75865D0B-23C0-06D8-E7A6-332BDB277907}"
EndProject
Project("{FAE04EC0-301F-11D3-BF4B-00C04F79EFBC}") = "Unity.Performance.Profile-Analyzer.Editor", "Unity.Performance.Profile-Analyzer.Editor.csproj", "{93A1BCE8-C8BF-3B50-8308-E5E603B91736}"
EndProject
Project("{FAE04EC0-301F-11D3-BF4B-00C04F79EFBC}") = "Unity.VSCode.Editor", "Unity.VSCode.Editor.csproj", "{03EAE12F-99B7-A729-3A20-64A4338766F3}"
EndProject
Project("{FAE04EC0-301F-11D3-BF4B-00C04F79EFBC}") = "Unity.TestTools.CodeCoverage.Editor.OpenCover.Mono.Reflection", "Unity.TestTools.CodeCoverage.Editor.OpenCover.Mono.Reflection.csproj", "{90197C9B-1FAD-4CDC-C4BE-DF741D69E73D}"
EndProject
Project("{FAE04EC0-301F-11D3-BF4B-00C04F79EFBC}") = "Unity.2D.Sprite.Editor", "Unity.2D.Sprite.Editor.csproj", "{B4E7C11E-3788-A5A7-47AE-6FA6C19690BF}"
EndProject
Project("{FAE04EC0-301F-11D3-BF4B-00C04F79EFBC}") = "VuforiaEditorScripts", "VuforiaEditorScripts.csproj", "{48570018-C18E-7EC0-2384-E231EAEF268F}"
EndProject
Project("{FAE04EC0-301F-11D3-BF4B-00C04F79EFBC}") = "Unity.Settings.Editor", "Unity.Settings.Editor.csproj", "{A9EE9522-A757-9C1C-9026-D9C4AC397904}"
EndProject
Project("{FAE04EC0-301F-11D3-BF4B-00C04F79EFBC}") = "VuforiaScripts", "VuforiaScripts.csproj", "{F141D60A-8331-498C-278D-F49487A93F5F}"
EndProject
Project("{FAE04EC0-301F-11D3-BF4B-00C04F79EFBC}") = "Assembly-CSharp-Editor", "Assembly-CSharp-Editor.csproj", "{0E14DFA1-6E90-9282-51C6-BCA257CC085C}"
EndProject
Project("{FAE04EC0-301F-11D3-BF4B-00C04F79EFBC}") = "Unity.EditorCoroutines.Editor", "Unity.EditorCoroutines.Editor.csproj", "{880B6C2F-6EE1-84B2-2901-1C174E695755}"
EndProject
Project("{FAE04EC0-301F-11D3-BF4B-00C04F79EFBC}") = "Unity.VisualScripting.Shared.Editor", "Unity.VisualScripting.Shared.Editor.csproj", "{309C46E0-B385-21D9-758D-BE4860BA101A}"
EndProject
Project("{FAE04EC0-301F-11D3-BF4B-00C04F79EFBC}") = "Unity.CollabProxy.Editor", "Unity.CollabProxy.Editor.csproj", "{C9F71C43-028E-A671-B2DE-542CC7809B7F}"
EndProject
Global
	GlobalSection(SolutionConfigurationPlatforms) = preSolution
		Debug|Any CPU = Debug|Any CPU
		Release|Any CPU = Release|Any CPU
	EndGlobalSection
	GlobalSection(ProjectConfigurationPlatforms) = postSolution
		{0F5B5CD6-9614-1BC4-2720-22C45B7B418C}.Debug|Any CPU.ActiveCfg = Debug|Any CPU
		{0F5B5CD6-9614-1BC4-2720-22C45B7B418C}.Debug|Any CPU.Build.0 = Debug|Any CPU
		{0F5B5CD6-9614-1BC4-2720-22C45B7B418C}.Release|Any CPU.ActiveCfg = Release|Any CPU
		{0F5B5CD6-9614-1BC4-2720-22C45B7B418C}.Release|Any CPU.Build.0 = Release|Any CPU
		{DBFEF64A-CF2D-7BE3-AC41-D25B397BF139}.Debug|Any CPU.ActiveCfg = Debug|Any CPU
		{DBFEF64A-CF2D-7BE3-AC41-D25B397BF139}.Debug|Any CPU.Build.0 = Debug|Any CPU
		{DBFEF64A-CF2D-7BE3-AC41-D25B397BF139}.Release|Any CPU.ActiveCfg = Release|Any CPU
		{DBFEF64A-CF2D-7BE3-AC41-D25B397BF139}.Release|Any CPU.Build.0 = Release|Any CPU
		{161579FA-4AED-D6A2-A9E0-1D86F71C0225}.Debug|Any CPU.ActiveCfg = Debug|Any CPU
		{161579FA-4AED-D6A2-A9E0-1D86F71C0225}.Debug|Any CPU.Build.0 = Debug|Any CPU
		{161579FA-4AED-D6A2-A9E0-1D86F71C0225}.Release|Any CPU.ActiveCfg = Release|Any CPU
		{161579FA-4AED-D6A2-A9E0-1D86F71C0225}.Release|Any CPU.Build.0 = Release|Any CPU
		{C24FFDB0-8DB6-3403-B0C9-A5EB11DA82CF}.Debug|Any CPU.ActiveCfg = Debug|Any CPU
		{C24FFDB0-8DB6-3403-B0C9-A5EB11DA82CF}.Debug|Any CPU.Build.0 = Debug|Any CPU
		{C24FFDB0-8DB6-3403-B0C9-A5EB11DA82CF}.Release|Any CPU.ActiveCfg = Release|Any CPU
		{C24FFDB0-8DB6-3403-B0C9-A5EB11DA82CF}.Release|Any CPU.Build.0 = Release|Any CPU
		{2B94EB76-90FE-5268-D235-96C788E750CD}.Debug|Any CPU.ActiveCfg = Debug|Any CPU
		{2B94EB76-90FE-5268-D235-96C788E750CD}.Debug|Any CPU.Build.0 = Debug|Any CPU
		{2B94EB76-90FE-5268-D235-96C788E750CD}.Release|Any CPU.ActiveCfg = Release|Any CPU
		{2B94EB76-90FE-5268-D235-96C788E750CD}.Release|Any CPU.Build.0 = Release|Any CPU
		{3949B506-C260-2B2A-EC79-46B1D63FFAA6}.Debug|Any CPU.ActiveCfg = Debug|Any CPU
		{3949B506-C260-2B2A-EC79-46B1D63FFAA6}.Debug|Any CPU.Build.0 = Debug|Any CPU
		{3949B506-C260-2B2A-EC79-46B1D63FFAA6}.Release|Any CPU.ActiveCfg = Release|Any CPU
		{3949B506-C260-2B2A-EC79-46B1D63FFAA6}.Release|Any CPU.Build.0 = Release|Any CPU
		{D409CCD4-305A-657E-173C-458F30B460D7}.Debug|Any CPU.ActiveCfg = Debug|Any CPU
		{D409CCD4-305A-657E-173C-458F30B460D7}.Debug|Any CPU.Build.0 = Debug|Any CPU
		{D409CCD4-305A-657E-173C-458F30B460D7}.Release|Any CPU.ActiveCfg = Release|Any CPU
		{D409CCD4-305A-657E-173C-458F30B460D7}.Release|Any CPU.Build.0 = Release|Any CPU
		{0E5E7A6C-D1BB-B38E-3748-8F15E15B7B0B}.Debug|Any CPU.ActiveCfg = Debug|Any CPU
		{0E5E7A6C-D1BB-B38E-3748-8F15E15B7B0B}.Debug|Any CPU.Build.0 = Debug|Any CPU
		{0E5E7A6C-D1BB-B38E-3748-8F15E15B7B0B}.Release|Any CPU.ActiveCfg = Release|Any CPU
		{0E5E7A6C-D1BB-B38E-3748-8F15E15B7B0B}.Release|Any CPU.Build.0 = Release|Any CPU
		{298C20DE-1D9A-F2B8-AA9D-7F86D80A21AE}.Debug|Any CPU.ActiveCfg = Debug|Any CPU
		{298C20DE-1D9A-F2B8-AA9D-7F86D80A21AE}.Debug|Any CPU.Build.0 = Debug|Any CPU
		{298C20DE-1D9A-F2B8-AA9D-7F86D80A21AE}.Release|Any CPU.ActiveCfg = Release|Any CPU
		{298C20DE-1D9A-F2B8-AA9D-7F86D80A21AE}.Release|Any CPU.Build.0 = Release|Any CPU
		{9EA15916-C327-45AD-3955-E4E919B4BE07}.Debug|Any CPU.ActiveCfg = Debug|Any CPU
		{9EA15916-C327-45AD-3955-E4E919B4BE07}.Debug|Any CPU.Build.0 = Debug|Any CPU
		{9EA15916-C327-45AD-3955-E4E919B4BE07}.Release|Any CPU.ActiveCfg = Release|Any CPU
		{9EA15916-C327-45AD-3955-E4E919B4BE07}.Release|Any CPU.Build.0 = Release|Any CPU
		{81E2DACD-2D2D-200A-BEB3-3C7362CF92D9}.Debug|Any CPU.ActiveCfg = Debug|Any CPU
		{81E2DACD-2D2D-200A-BEB3-3C7362CF92D9}.Debug|Any CPU.Build.0 = Debug|Any CPU
		{81E2DACD-2D2D-200A-BEB3-3C7362CF92D9}.Release|Any CPU.ActiveCfg = Release|Any CPU
		{81E2DACD-2D2D-200A-BEB3-3C7362CF92D9}.Release|Any CPU.Build.0 = Release|Any CPU
		{F7CC100E-69BE-1AD5-CD2C-D8F25F6EF68A}.Debug|Any CPU.ActiveCfg = Debug|Any CPU
		{F7CC100E-69BE-1AD5-CD2C-D8F25F6EF68A}.Debug|Any CPU.Build.0 = Debug|Any CPU
		{F7CC100E-69BE-1AD5-CD2C-D8F25F6EF68A}.Release|Any CPU.ActiveCfg = Release|Any CPU
		{F7CC100E-69BE-1AD5-CD2C-D8F25F6EF68A}.Release|Any CPU.Build.0 = Release|Any CPU
		{E53E425E-16EA-BE6E-B39B-C3B121C407CA}.Debug|Any CPU.ActiveCfg = Debug|Any CPU
		{E53E425E-16EA-BE6E-B39B-C3B121C407CA}.Debug|Any CPU.Build.0 = Debug|Any CPU
		{E53E425E-16EA-BE6E-B39B-C3B121C407CA}.Release|Any CPU.ActiveCfg = Release|Any CPU
		{E53E425E-16EA-BE6E-B39B-C3B121C407CA}.Release|Any CPU.Build.0 = Release|Any CPU
		{E81095D4-A055-55FF-E7FC-7CB44EDAB822}.Debug|Any CPU.ActiveCfg = Debug|Any CPU
		{E81095D4-A055-55FF-E7FC-7CB44EDAB822}.Debug|Any CPU.Build.0 = Debug|Any CPU
		{E81095D4-A055-55FF-E7FC-7CB44EDAB822}.Release|Any CPU.ActiveCfg = Release|Any CPU
		{E81095D4-A055-55FF-E7FC-7CB44EDAB822}.Release|Any CPU.Build.0 = Release|Any CPU
		{477800F3-A468-B5E3-B06B-3FD3A2A0C21E}.Debug|Any CPU.ActiveCfg = Debug|Any CPU
		{477800F3-A468-B5E3-B06B-3FD3A2A0C21E}.Debug|Any CPU.Build.0 = Debug|Any CPU
		{477800F3-A468-B5E3-B06B-3FD3A2A0C21E}.Release|Any CPU.ActiveCfg = Release|Any CPU
		{477800F3-A468-B5E3-B06B-3FD3A2A0C21E}.Release|Any CPU.Build.0 = Release|Any CPU
		{172B0A49-CA54-4D05-1AC1-C36A42D8BB79}.Debug|Any CPU.ActiveCfg = Debug|Any CPU
		{172B0A49-CA54-4D05-1AC1-C36A42D8BB79}.Debug|Any CPU.Build.0 = Debug|Any CPU
		{172B0A49-CA54-4D05-1AC1-C36A42D8BB79}.Release|Any CPU.ActiveCfg = Release|Any CPU
		{172B0A49-CA54-4D05-1AC1-C36A42D8BB79}.Release|Any CPU.Build.0 = Release|Any CPU
		{E2A836B3-3990-5B39-2929-89DC1A78E9FB}.Debug|Any CPU.ActiveCfg = Debug|Any CPU
		{E2A836B3-3990-5B39-2929-89DC1A78E9FB}.Debug|Any CPU.Build.0 = Debug|Any CPU
		{E2A836B3-3990-5B39-2929-89DC1A78E9FB}.Release|Any CPU.ActiveCfg = Release|Any CPU
		{E2A836B3-3990-5B39-2929-89DC1A78E9FB}.Release|Any CPU.Build.0 = Release|Any CPU
		{C40C2CD7-572E-8419-6EE8-11E7552163D7}.Debug|Any CPU.ActiveCfg = Debug|Any CPU
		{C40C2CD7-572E-8419-6EE8-11E7552163D7}.Debug|Any CPU.Build.0 = Debug|Any CPU
		{C40C2CD7-572E-8419-6EE8-11E7552163D7}.Release|Any CPU.ActiveCfg = Release|Any CPU
		{C40C2CD7-572E-8419-6EE8-11E7552163D7}.Release|Any CPU.Build.0 = Release|Any CPU
		{F39CA425-FDBB-83A8-4415-0D84815008D3}.Debug|Any CPU.ActiveCfg = Debug|Any CPU
		{F39CA425-FDBB-83A8-4415-0D84815008D3}.Debug|Any CPU.Build.0 = Debug|Any CPU
		{F39CA425-FDBB-83A8-4415-0D84815008D3}.Release|Any CPU.ActiveCfg = Release|Any CPU
		{F39CA425-FDBB-83A8-4415-0D84815008D3}.Release|Any CPU.Build.0 = Release|Any CPU
		{C75CE8DC-3CE1-58B1-46A8-E956CEBBE19C}.Debug|Any CPU.ActiveCfg = Debug|Any CPU
		{C75CE8DC-3CE1-58B1-46A8-E956CEBBE19C}.Debug|Any CPU.Build.0 = Debug|Any CPU
		{C75CE8DC-3CE1-58B1-46A8-E956CEBBE19C}.Release|Any CPU.ActiveCfg = Release|Any CPU
		{C75CE8DC-3CE1-58B1-46A8-E956CEBBE19C}.Release|Any CPU.Build.0 = Release|Any CPU
		{75865D0B-23C0-06D8-E7A6-332BDB277907}.Debug|Any CPU.ActiveCfg = Debug|Any CPU
		{75865D0B-23C0-06D8-E7A6-332BDB277907}.Debug|Any CPU.Build.0 = Debug|Any CPU
		{75865D0B-23C0-06D8-E7A6-332BDB277907}.Release|Any CPU.ActiveCfg = Release|Any CPU
		{75865D0B-23C0-06D8-E7A6-332BDB277907}.Release|Any CPU.Build.0 = Release|Any CPU
		{93A1BCE8-C8BF-3B50-8308-E5E603B91736}.Debug|Any CPU.ActiveCfg = Debug|Any CPU
		{93A1BCE8-C8BF-3B50-8308-E5E603B91736}.Debug|Any CPU.Build.0 = Debug|Any CPU
		{93A1BCE8-C8BF-3B50-8308-E5E603B91736}.Release|Any CPU.ActiveCfg = Release|Any CPU
		{93A1BCE8-C8BF-3B50-8308-E5E603B91736}.Release|Any CPU.Build.0 = Release|Any CPU
		{03EAE12F-99B7-A729-3A20-64A4338766F3}.Debug|Any CPU.ActiveCfg = Debug|Any CPU
		{03EAE12F-99B7-A729-3A20-64A4338766F3}.Debug|Any CPU.Build.0 = Debug|Any CPU
		{03EAE12F-99B7-A729-3A20-64A4338766F3}.Release|Any CPU.ActiveCfg = Release|Any CPU
		{03EAE12F-99B7-A729-3A20-64A4338766F3}.Release|Any CPU.Build.0 = Release|Any CPU
		{90197C9B-1FAD-4CDC-C4BE-DF741D69E73D}.Debug|Any CPU.ActiveCfg = Debug|Any CPU
		{90197C9B-1FAD-4CDC-C4BE-DF741D69E73D}.Debug|Any CPU.Build.0 = Debug|Any CPU
		{90197C9B-1FAD-4CDC-C4BE-DF741D69E73D}.Release|Any CPU.ActiveCfg = Release|Any CPU
		{90197C9B-1FAD-4CDC-C4BE-DF741D69E73D}.Release|Any CPU.Build.0 = Release|Any CPU
		{B4E7C11E-3788-A5A7-47AE-6FA6C19690BF}.Debug|Any CPU.ActiveCfg = Debug|Any CPU
		{B4E7C11E-3788-A5A7-47AE-6FA6C19690BF}.Debug|Any CPU.Build.0 = Debug|Any CPU
		{B4E7C11E-3788-A5A7-47AE-6FA6C19690BF}.Release|Any CPU.ActiveCfg = Release|Any CPU
		{B4E7C11E-3788-A5A7-47AE-6FA6C19690BF}.Release|Any CPU.Build.0 = Release|Any CPU
		{48570018-C18E-7EC0-2384-E231EAEF268F}.Debug|Any CPU.ActiveCfg = Debug|Any CPU
		{48570018-C18E-7EC0-2384-E231EAEF268F}.Debug|Any CPU.Build.0 = Debug|Any CPU
		{48570018-C18E-7EC0-2384-E231EAEF268F}.Release|Any CPU.ActiveCfg = Release|Any CPU
		{48570018-C18E-7EC0-2384-E231EAEF268F}.Release|Any CPU.Build.0 = Release|Any CPU
		{A9EE9522-A757-9C1C-9026-D9C4AC397904}.Debug|Any CPU.ActiveCfg = Debug|Any CPU
		{A9EE9522-A757-9C1C-9026-D9C4AC397904}.Debug|Any CPU.Build.0 = Debug|Any CPU
		{A9EE9522-A757-9C1C-9026-D9C4AC397904}.Release|Any CPU.ActiveCfg = Release|Any CPU
		{A9EE9522-A757-9C1C-9026-D9C4AC397904}.Release|Any CPU.Build.0 = Release|Any CPU
		{F141D60A-8331-498C-278D-F49487A93F5F}.Debug|Any CPU.ActiveCfg = Debug|Any CPU
		{F141D60A-8331-498C-278D-F49487A93F5F}.Debug|Any CPU.Build.0 = Debug|Any CPU
		{F141D60A-8331-498C-278D-F49487A93F5F}.Release|Any CPU.ActiveCfg = Release|Any CPU
		{F141D60A-8331-498C-278D-F49487A93F5F}.Release|Any CPU.Build.0 = Release|Any CPU
		{0E14DFA1-6E90-9282-51C6-BCA257CC085C}.Debug|Any CPU.ActiveCfg = Debug|Any CPU
		{0E14DFA1-6E90-9282-51C6-BCA257CC085C}.Debug|Any CPU.Build.0 = Debug|Any CPU
		{0E14DFA1-6E90-9282-51C6-BCA257CC085C}.Release|Any CPU.ActiveCfg = Release|Any CPU
		{0E14DFA1-6E90-9282-51C6-BCA257CC085C}.Release|Any CPU.Build.0 = Release|Any CPU
		{880B6C2F-6EE1-84B2-2901-1C174E695755}.Debug|Any CPU.ActiveCfg = Debug|Any CPU
		{880B6C2F-6EE1-84B2-2901-1C174E695755}.Debug|Any CPU.Build.0 = Debug|Any CPU
		{880B6C2F-6EE1-84B2-2901-1C174E695755}.Release|Any CPU.ActiveCfg = Release|Any CPU
		{880B6C2F-6EE1-84B2-2901-1C174E695755}.Release|Any CPU.Build.0 = Release|Any CPU
		{309C46E0-B385-21D9-758D-BE4860BA101A}.Debug|Any CPU.ActiveCfg = Debug|Any CPU
		{309C46E0-B385-21D9-758D-BE4860BA101A}.Debug|Any CPU.Build.0 = Debug|Any CPU
		{309C46E0-B385-21D9-758D-BE4860BA101A}.Release|Any CPU.ActiveCfg = Release|Any CPU
		{309C46E0-B385-21D9-758D-BE4860BA101A}.Release|Any CPU.Build.0 = Release|Any CPU
		{C9F71C43-028E-A671-B2DE-542CC7809B7F}.Debug|Any CPU.ActiveCfg = Debug|Any CPU
		{C9F71C43-028E-A671-B2DE-542CC7809B7F}.Debug|Any CPU.Build.0 = Debug|Any CPU
		{C9F71C43-028E-A671-B2DE-542CC7809B7F}.Release|Any CPU.ActiveCfg = Release|Any CPU
		{C9F71C43-028E-A671-B2DE-542CC7809B7F}.Release|Any CPU.Build.0 = Release|Any CPU
	EndGlobalSection
	GlobalSection(SolutionProperties) = preSolution
		HideSolutionNode = FALSE
	EndGlobalSection
EndGlobal
